
Microsoft Visual Studio Solution File, Format Version 12.00
# Visual Studio Version 17
VisualStudioVersion = 17.4.33403.182
MinimumVisualStudioVersion = 10.0.40219.1
Project("{FAE04EC0-301F-11D3-BF4B-00C04F79EFBC}") = "EmployeeManagement", "EmployeeManagement\EmployeeManagement.csproj", "{2BDF97F4-1290-4367-AEAB-A1215EDBEFF9}"
EndProject
Project("{FAE04EC0-301F-11D3-BF4B-00C04F79EFBC}") = "DataAccsess", "DataAccsess\DataAccsess.csproj", "{B3031527-6483-431E-BC00-4E1A24288821}"
EndProject
Project("{FAE04EC0-301F-11D3-BF4B-00C04F79EFBC}") = "Emp_Models", "Emp_Models\Emp_Models.csproj", "{F3D3D9CB-3DE2-4907-B22A-144D35E13B21}"
EndProject
Global
	GlobalSection(SolutionConfigurationPlatforms) = preSolution
		Debug|Any CPU = Debug|Any CPU
		Release|Any CPU = Release|Any CPU
	EndGlobalSection
	GlobalSection(ProjectConfigurationPlatforms) = postSolution
		{2BDF97F4-1290-4367-AEAB-A1215EDBEFF9}.Debug|Any CPU.ActiveCfg = Debug|Any CPU
		{2BDF97F4-1290-4367-AEAB-A1215EDBEFF9}.Debug|Any CPU.Build.0 = Debug|Any CPU
		{2BDF97F4-1290-4367-AEAB-A1215EDBEFF9}.Release|Any CPU.ActiveCfg = Release|Any CPU
		{2BDF97F4-1290-4367-AEAB-A1215EDBEFF9}.Release|Any CPU.Build.0 = Release|Any CPU
		{B3031527-6483-431E-BC00-4E1A24288821}.Debug|Any CPU.ActiveCfg = Debug|Any CPU
		{B3031527-6483-431E-BC00-4E1A24288821}.Debug|Any CPU.Build.0 = Debug|Any CPU
		{B3031527-6483-431E-BC00-4E1A24288821}.Release|Any CPU.ActiveCfg = Release|Any CPU
		{B3031527-6483-431E-BC00-4E1A24288821}.Release|Any CPU.Build.0 = Release|Any CPU
		{F3D3D9CB-3DE2-4907-B22A-144D35E13B21}.Debug|Any CPU.ActiveCfg = Debug|Any CPU
		{F3D3D9CB-3DE2-4907-B22A-144D35E13B21}.Debug|Any CPU.Build.0 = Debug|Any CPU
		{F3D3D9CB-3DE2-4907-B22A-144D35E13B21}.Release|Any CPU.ActiveCfg = Release|Any CPU
		{F3D3D9CB-3DE2-4907-B22A-144D35E13B21}.Release|Any CPU.Build.0 = Release|Any CPU
	EndGlobalSection
	GlobalSection(SolutionProperties) = preSolution
		HideSolutionNode = FALSE
	EndGlobalSection
	GlobalSection(ExtensibilityGlobals) = postSolution
		SolutionGuid = {D855484F-BE50-41F7-A86F-99231FF47D3B}
	EndGlobalSection
EndGlobal
